{
  "name": "Angular",
  "version": "0.0.0",
  "lockfileVersion": 1,
  "requires": true,
  "dependencies": {
    "@angular/animations": {
      "version": "4.2.5",
      "resolved": "https://registry.npmjs.org/@angular/animations/-/animations-4.2.5.tgz",
      "integrity": "sha1-EjD2vGoY8quyPifx2a6e+v0aYDE="
    },
    "@angular/common": {
      "version": "4.2.5",
      "resolved": "https://registry.npmjs.org/@angular/common/-/common-4.2.5.tgz",
      "integrity": "sha1-TVCpW0RM1Yz3BvDandFAfTuDNi4="
    },
    "@angular/compiler": {
      "version": "4.2.5",
      "resolved": "https://registry.npmjs.org/@angular/compiler/-/compiler-4.2.5.tgz",
      "integrity": "sha1-tIZ0x0VrKw3xBy1w5OZnr4bN34M="
    },
    "@angular/compiler-cli": {
      "version": "4.2.5",
      "resolved": "https://registry.npmjs.org/@angular/compiler-cli/-/compiler-cli-4.2.5.tgz",
      "integrity": "sha1-OzltZa3oOA83EgHUNh/JYqSax2o=",
      "dependencies": {
        "minimist": {
          "version": "1.2.0",
          "resolved": "https://registry.npmjs.org/minimist/-/minimist-1.2.0.tgz",
          "integrity": "sha1-o1AIsg9BOD7sH7kU9M1d95omQoQ="
        }
      }
    },
    "@angular/core": {
      "version": "4.2.5",
      "resolved": "https://registry.npmjs.org/@angular/core/-/core-4.2.5.tgz",
      "integrity": "sha1-YcG1iFwmIzLXN/vg9dcRUXWahGQ="
    },
    "@angular/forms": {
      "version": "4.2.5",
      "resolved": "https://registry.npmjs.org/@angular/forms/-/forms-4.2.5.tgz",
      "integrity": "sha1-p+VcjR9aToU37+Ht14NOSh9ZxuQ="
    },
    "@angular/http": {
      "version": "4.2.5",
      "resolved": "https://registry.npmjs.org/@angular/http/-/http-4.2.5.tgz",
      "integrity": "sha1-P/+OXPjogmK6zRyZYwQxLDxaOu8="
    },
    "@angular/platform-browser": {
      "version": "4.2.5",
      "resolved": "https://registry.npmjs.org/@angular/platform-browser/-/platform-browser-4.2.5.tgz",
      "integrity": "sha1-2d3+D4EITpjvJKefSF27ES54oMQ="
    },
    "@angular/platform-browser-dynamic": {
      "version": "4.2.5",
      "resolved": "https://registry.npmjs.org/@angular/platform-browser-dynamic/-/platform-browser-dynamic-4.2.5.tgz",
      "integrity": "sha1-gHbsSohcw6GiPF5UDECn/dP357I="
    },
    "@angular/platform-server": {
      "version": "4.2.5",
      "resolved": "https://registry.npmjs.org/@angular/platform-server/-/platform-server-4.2.5.tgz",
      "integrity": "sha1-1OPX6H0KdwYV3cSr0cfAdVRJYHk="
    },
    "@angular/router": {
      "version": "4.2.5",
      "resolved": "https://registry.npmjs.org/@angular/router/-/router-4.2.5.tgz",
      "integrity": "sha1-fzZAiUk6saBurF8MYowPn9sRAI8="
    },
    "@ngtools/webpack": {
      "version": "1.5.0",
      "resolved": "https://registry.npmjs.org/@ngtools/webpack/-/webpack-1.5.0.tgz",
      "integrity": "sha1-tr5Y2FfUH4mZdR1rvD0h6EvJd8o=",
      "dependencies": {
        "loader-utils": {
          "version": "1.1.0",
          "resolved": "https://registry.npmjs.org/loader-utils/-/loader-utils-1.1.0.tgz",
          "integrity": "sha1-yYrvSIvM7aL/teLeZG1qdUQp9c0="
        }
      }
    },
    "@types/chai": {
      "version": "4.0.1",
      "resolved": "https://registry.npmjs.org/@types/chai/-/chai-4.0.1.tgz",
      "integrity": "sha512-DWrdkraJO+KvBB7+Jc6AuDd2+fwV6Z9iK8cqEEoYpcurYrH7GiUZmwjFuQIIWj5HhFz6NsSxdN72YMIHT7Fy2Q==",
      "dev": true
    },
    "@types/jasmine": {
      "version": "2.5.53",
      "resolved": "https://registry.npmjs.org/@types/jasmine/-/jasmine-2.5.53.tgz",
      "integrity": "sha512-2YNL0jXYuN7w07mb1sMZQ6T6zOvGi83v8UbjhBZ8mhvI1VkQ2STU9XOrTFyvWswMyh5rW1evS+e7qltYJvTqPA==",
      "dev": true
    },
    "@types/webpack-env": {
      "version": "1.13.0",
      "resolved": "https://registry.npmjs.org/@types/webpack-env/-/webpack-env-1.13.0.tgz",
      "integrity": "sha1-MEQ4FkfhHulzxa8uklMjkw9pHYA="
    },
    "angular2-template-loader": {
      "version": "0.6.2",
      "resolved": "https://registry.npmjs.org/angular2-template-loader/-/angular2-template-loader-0.6.2.tgz",
      "integrity": "sha1-wNROkP/w+sleiyPwQ6zaf9HFHXw="
    },
    "aspnet-prerendering": {
      "version": "3.0.1",
      "resolved": "https://registry.npmjs.org/aspnet-prerendering/-/aspnet-prerendering-3.0.1.tgz",
      "integrity": "sha1-C252e0nkJeHT1ZYR+sgMnG9bAQA="
    },
    "aspnet-webpack": {
      "version": "2.0.1",
      "resolved": "https://registry.npmjs.org/aspnet-webpack/-/aspnet-webpack-2.0.1.tgz",
      "integrity": "sha512-hhwTmanNNk0OQ7u5Jr/wpKQeqisg4aLMmAJFlsj0B+AkaUtIu8FFOgzB63VnVirDZ14isSGjJHNn/WEhx19hKA=="
    },
    "awesome-typescript-loader": {
      "version": "3.2.1",
      "resolved": "https://registry.npmjs.org/awesome-typescript-loader/-/awesome-typescript-loader-3.2.1.tgz",
      "integrity": "sha512-/4abhqe5+wX/hQrquLT95o3QkaUCkzOfC6XQZcbk5sxI5V4rxcA3az7DQRHoHL2EWn7mnP3orzNfkjZAA/TVzA==",
      "dependencies": {
        "loader-utils": {
          "version": "1.1.0",
          "resolved": "https://registry.npmjs.org/loader-utils/-/loader-utils-1.1.0.tgz",
          "integrity": "sha1-yYrvSIvM7aL/teLeZG1qdUQp9c0="
        }
      }
    },
    "bootstrap": {
      "version": "3.3.7",
      "resolved": "https://registry.npmjs.org/bootstrap/-/bootstrap-3.3.7.tgz",
      "integrity": "sha1-WjiTlFSfIzMIdaOxUGVldPip63E="
    },
    "chai": {
      "version": "4.0.2",
      "resolved": "https://registry.npmjs.org/chai/-/chai-4.0.2.tgz",
      "integrity": "sha1-L3MnxN5vOF3XeHmZ4qsCaXoyuDs=",
      "dev": true
    },
    "css": {
      "version": "2.2.1",
      "resolved": "https://registry.npmjs.org/css/-/css-2.2.1.tgz",
      "integrity": "sha1-c6TIHehdtmTU7mdPfUcIXjstVdw=",
      "dependencies": {
        "atob": {
          "version": "1.1.3",
          "resolved": "https://registry.npmjs.org/atob/-/atob-1.1.3.tgz",
          "integrity": "sha1-lfE2KbEsOlGl0hWr3OKqnzL4B3M="
        },
        "source-map": {
          "version": "0.1.43",
          "resolved": "https://registry.npmjs.org/source-map/-/source-map-0.1.43.tgz",
          "integrity": "sha1-wkvBRspRfBRx9drL4lcbK3+eM0Y="
        },
        "source-map-resolve": {
          "version": "0.3.1",
          "resolved": "https://registry.npmjs.org/source-map-resolve/-/source-map-resolve-0.3.1.tgz",
          "integrity": "sha1-YQ9hIqRFuN1RU1oqcbeD38Ekh2E="
        },
        "source-map-url": {
          "version": "0.3.0",
          "resolved": "https://registry.npmjs.org/source-map-url/-/source-map-url-0.3.0.tgz",
          "integrity": "sha1-fsrxO1e80J2opAxdJp2zN5nUqvk="
        }
      }
    },
    "css-loader": {
      "version": "0.28.4",
      "resolved": "https://registry.npmjs.org/css-loader/-/css-loader-0.28.4.tgz",
      "integrity": "sha1-bPNXkZLONV6LONX0Ldeh8uyJjQ8=",
      "dependencies": {
        "loader-utils": {
          "version": "1.1.0",
          "resolved": "https://registry.npmjs.org/loader-utils/-/loader-utils-1.1.0.tgz",
          "integrity": "sha1-yYrvSIvM7aL/teLeZG1qdUQp9c0="
        }
      }
    },
    "es6-shim": {
      "version": "0.35.3",
      "resolved": "https://registry.npmjs.org/es6-shim/-/es6-shim-0.35.3.tgz",
      "integrity": "sha1-m/tzY/7//4emzbbNk+QF7DxLbyY="
    },
    "event-source-polyfill": {
      "version": "0.0.9",
      "resolved": "https://registry.npmjs.org/event-source-polyfill/-/event-source-polyfill-0.0.9.tgz",
      "integrity": "sha1-GMYgXRcKsJ24if/OqjPw5JPxSlA="
    },
    "expose-loader": {
      "version": "0.7.3",
      "resolved": "https://registry.npmjs.org/expose-loader/-/expose-loader-0.7.3.tgz",
      "integrity": "sha1-NfvTZZeJ5PqoH1nei36fw55GbVE="
    },
    "extract-text-webpack-plugin": {
      "version": "2.1.2",
      "resolved": "https://registry.npmjs.org/extract-text-webpack-plugin/-/extract-text-webpack-plugin-2.1.2.tgz",
      "integrity": "sha1-dW7076gVXDaBgz+8NNpTuUF0bWw=",
      "dependencies": {
        "loader-utils": {
          "version": "1.1.0",
          "resolved": "https://registry.npmjs.org/loader-utils/-/loader-utils-1.1.0.tgz",
          "integrity": "sha1-yYrvSIvM7aL/teLeZG1qdUQp9c0="
        }
      }
    },
    "file-loader": {
      "version": "0.11.2",
      "resolved": "https://registry.npmjs.org/file-loader/-/file-loader-0.11.2.tgz",
      "integrity": "sha512-N+uhF3mswIFeziHQjGScJ/yHXYt3DiLBeC+9vWW+WjUBiClMSOlV1YrXQi+7KM2aA3Rn4Bybgv+uXFQbfkzpvg==",
      "dependencies": {
        "loader-utils": {
          "version": "1.1.0",
          "resolved": "https://registry.npmjs.org/loader-utils/-/loader-utils-1.1.0.tgz",
          "integrity": "sha1-yYrvSIvM7aL/teLeZG1qdUQp9c0="
        }
      }
    },
    "html-loader": {
      "version": "0.4.5",
      "resolved": "https://registry.npmjs.org/html-loader/-/html-loader-0.4.5.tgz",
      "integrity": "sha1-X7zYfNY6XEmn/OL+VvQl4Fcpxow=",
      "dependencies": {
        "loader-utils": {
          "version": "1.1.0",
          "resolved": "https://registry.npmjs.org/loader-utils/-/loader-utils-1.1.0.tgz",
          "integrity": "sha1-yYrvSIvM7aL/teLeZG1qdUQp9c0="
        }
      }
    },
    "isomorphic-fetch": {
      "version": "2.2.1",
      "resolved": "https://registry.npmjs.org/isomorphic-fetch/-/isomorphic-fetch-2.2.1.tgz",
      "integrity": "sha1-YRrhrPFPXoH3KVB0coGf6XM1WKk="
    },
    "jasmine-core": {
      "version": "2.6.4",
      "resolved": "https://registry.npmjs.org/jasmine-core/-/jasmine-core-2.6.4.tgz",
      "integrity": "sha1-3skmzQqfoof7bbXHVfpIfnTOysU=",
      "dev": true
    },
    "jquery": {
      "version": "3.4.0",
      "resolved": "https://registry.npmjs.org/jquery/-/jquery-3.4.0.tgz",
      "integrity": "sha512-ggRCXln9zEqv6OqAGXFEcshF5dSBvCkzj6Gm2gzuR5fWawaX8t7cxKVkkygKODrDAzKdoYw3l/e3pm3vlT4IbQ=="
    },
    "json-loader": {
      "version": "0.5.4",
      "resolved": "https://registry.npmjs.org/json-loader/-/json-loader-0.5.4.tgz",
      "integrity": "sha1-i6oTZaYy9Yo8RtIBdfxgAsluN94="
    },
    "karma": {
      "version": "1.7.0",
      "resolved": "https://registry.npmjs.org/karma/-/karma-1.7.0.tgz",
      "integrity": "sha1-b3oaQGRG+i4YfslTmGmPTO5HYmk=",
      "dev": true,
      "dependencies": {
        "lodash": {
          "version": "3.10.1",
          "resolved": "https://registry.npmjs.org/lodash/-/lodash-3.10.1.tgz",
          "integrity": "sha1-W/Rejkm6QYnhfUgnid/RW9FAt7Y="
        }
      }
    },
    "karma-chai": {
      "version": "0.1.0",
      "resolved": "https://registry.npmjs.org/karma-chai/-/karma-chai-0.1.0.tgz",
      "integrity": "sha1-vuWtQEAFF4Ea40u5RfdikJEIt5o=",
      "dev": true
    },
    "karma-chrome-launcher": {
      "version": "2.2.0",
      "resolved": "https://registry.npmjs.org/karma-chrome-launcher/-/karma-chrome-launcher-2.2.0.tgz",
      "integrity": "sha512-uf/ZVpAabDBPvdPdveyk1EPgbnloPvFFGgmRhYLTDH7gEB4nZdSBk8yTU47w1g/drLSx5uMOkjKk7IWKfWg/+w==",
      "dev": true
    },
    "karma-cli": {
      "version": "1.0.1",
      "resolved": "https://registry.npmjs.org/karma-cli/-/karma-cli-1.0.1.tgz",
      "integrity": "sha1-rmw8WKMTodALRRZMRVubhs4X+WA=",
      "dev": true
    },
    "karma-jasmine": {
      "version": "1.1.0",
      "resolved": "https://registry.npmjs.org/karma-jasmine/-/karma-jasmine-1.1.0.tgz",
      "integrity": "sha1-IuTAa/mhguUpTR9wXjczgRuBCs8=",
      "dev": true
    },
    "karma-webpack": {
      "version": "2.0.3",
      "resolved": "https://registry.npmjs.org/karma-webpack/-/karma-webpack-2.0.3.tgz",
      "integrity": "sha1-Oc6/XKJYATmyf5rmm3iBa5yC+uY=",
      "dev": true,
      "dependencies": {
        "async": {
          "version": "0.9.2",
          "resolved": "https://registry.npmjs.org/async/-/async-0.9.2.tgz",
          "integrity": "sha1-rqdNXmHB+JlhO/ZL2mbUx48v0X0="
        },
        "lodash": {
          "version": "3.10.1",
          "resolved": "https://registry.npmjs.org/lodash/-/lodash-3.10.1.tgz",
          "integrity": "sha1-W/Rejkm6QYnhfUgnid/RW9FAt7Y="
        },
        "source-map": {
          "version": "0.1.43",
          "resolved": "https://registry.npmjs.org/source-map/-/source-map-0.1.43.tgz",
          "integrity": "sha1-wkvBRspRfBRx9drL4lcbK3+eM0Y="
        }
      }
    },
    "preboot": {
      "version": "4.5.2",
      "resolved": "https://registry.npmjs.org/preboot/-/preboot-4.5.2.tgz",
      "integrity": "sha1-yzSSCZWMK0jX90E3s0mbu+VHKl4="
    },
    "raw-loader": {
      "version": "0.5.1",
      "resolved": "https://registry.npmjs.org/raw-loader/-/raw-loader-0.5.1.tgz",
      "integrity": "sha1-DD0L6u2KAclm2Xh793goElKpeao="
    },
    "reflect-metadata": {
      "version": "0.1.10",
      "resolved": "https://registry.npmjs.org/reflect-metadata/-/reflect-metadata-0.1.10.tgz",
      "integrity": "sha1-tPg3BEFqytiZiMmxVjXUfgO5NEo="
    },
    "rxjs": {
      "version": "5.4.2",
      "resolved": "https://registry.npmjs.org/rxjs/-/rxjs-5.4.2.tgz",
      "integrity": "sha1-KjI2/L8D31e64G/Wly/ZnlwI/Pc="
    },
    "style-loader": {
      "version": "0.18.2",
      "resolved": "https://registry.npmjs.org/style-loader/-/style-loader-0.18.2.tgz",
      "integrity": "sha512-WPpJPZGUxWYHWIUMNNOYqql7zh85zGmr84FdTVWq52WTIkqlW9xSxD3QYWi/T31cqn9UNSsietVEgGn2aaSCzw==",
      "dependencies": {
        "loader-utils": {
          "version": "1.1.0",
          "resolved": "https://registry.npmjs.org/loader-utils/-/loader-utils-1.1.0.tgz",
          "integrity": "sha1-yYrvSIvM7aL/teLeZG1qdUQp9c0="
        }
      }
    },
    "to-string-loader": {
      "version": "1.1.5",
      "resolved": "https://registry.npmjs.org/to-string-loader/-/to-string-loader-1.1.5.tgz",
      "integrity": "sha1-e3qheJG3u0lHp6Eb+wO1/enG5pU="
    },
    "typescript": {
      "version": "2.4.1",
      "resolved": "https://registry.npmjs.org/typescript/-/typescript-2.4.1.tgz",
      "integrity": "sha1-w8yxbdqgsjFN4DHn5v7onlujRrw="
    },
    "url-loader": {
      "version": "0.5.9",
      "resolved": "https://registry.npmjs.org/url-loader/-/url-loader-0.5.9.tgz",
      "integrity": "sha512-B7QYFyvv+fOBqBVeefsxv6koWWtjmHaMFT6KZWti4KRw8YUD/hOU+3AECvXuzyVawIBx3z7zQRejXCDSO5kk1Q==",
      "dependencies": {
        "loader-utils": {
          "version": "1.1.0",
          "resolved": "https://registry.npmjs.org/loader-utils/-/loader-utils-1.1.0.tgz",
          "integrity": "sha1-yYrvSIvM7aL/teLeZG1qdUQp9c0="
        }
      }
    },
    "webpack": {
      "version": "2.5.1",
      "resolved": "https://registry.npmjs.org/webpack/-/webpack-2.5.1.tgz",
      "integrity": "sha1-YXQvDPivVVuHRgqc2Lui8ePuL84=",
      "dependencies": {
        "ajv": {
          "version": "4.11.8",
          "resolved": "https://registry.npmjs.org/ajv/-/ajv-4.11.8.tgz",
          "integrity": "sha1-gv+wKynmYq5TvcIK8VlHcGc5xTY="
        },
        "memory-fs": {
          "version": "0.4.1",
          "resolved": "https://registry.npmjs.org/memory-fs/-/memory-fs-0.4.1.tgz",
          "integrity": "sha1-OpoguEYlI+RHz7x+i7gO1me/xVI="
        },
        "source-list-map": {
          "version": "1.1.2",
          "resolved": "https://registry.npmjs.org/source-list-map/-/source-list-map-1.1.2.tgz",
          "integrity": "sha1-mIkBnRAkzOVc3AaUmDN+9hhqEaE="
        },
        "supports-color": {
          "version": "3.2.3",
          "resolved": "https://registry.npmjs.org/supports-color/-/supports-color-3.2.3.tgz",
          "integrity": "sha1-ZawFBLOVQXHYpklGsq48u4pfVPY="
        },
        "uglify-js": {
          "version": "2.8.29",
          "resolved": "https://registry.npmjs.org/uglify-js/-/uglify-js-2.8.29.tgz",
          "integrity": "sha1-KcVzMUgFe7Th913zW3qcty5qWd0=",
          "dependencies": {
            "yargs": {
              "version": "3.10.0",
              "resolved": "https://registry.npmjs.org/yargs/-/yargs-3.10.0.tgz",
              "integrity": "sha1-9+572FfdfB0tOMDnTvvWgdFDH9E="
            }
          }
        },
        "webpack-sources": {
          "version": "0.2.3",
          "resolved": "https://registry.npmjs.org/webpack-sources/-/webpack-sources-0.2.3.tgz",
          "integrity": "sha1-F8Yr+vE8cH+dAsR54Nzd6DgGl/s="
        }
      }
    },
    "webpack-hot-middleware": {
      "version": "2.18.2",
      "resolved": "https://registry.npmjs.org/webpack-hot-middleware/-/webpack-hot-middleware-2.18.2.tgz",
      "integrity": "sha512-dB7uOnUWsojZIAC6Nwi5v3tuaQNd2i7p4vF5LsJRyoTOgr2fRYQdMKQxRZIZZaz0cTPBX8rvcWU1A6/n7JTITg=="
    },
    "webpack-merge": {
      "version": "4.1.0",
      "resolved": "https://registry.npmjs.org/webpack-merge/-/webpack-merge-4.1.0.tgz",
      "integrity": "sha1-atciI7PguDflMeRZfBmfkJNhUR4="
    },
    "zone.js": {
      "version": "0.8.12",
      "resolved": "https://registry.npmjs.org/zone.js/-/zone.js-0.8.12.tgz",
      "integrity": "sha1-hv9QU8mK7CkaC/S7rFAdaUoFz7s="
    }
  }
}
